PODS:
  - BTNavigationDropdownMenu (0.5)
  - Charts (3.4.0):
    - Charts/Core (= 3.4.0)
  - Charts/Core (3.4.0)
  - FlagKit (2.2)
  - HanekeSwift (1.2)
  - Localize-Swift (3.1.0)
  - NVActivityIndicatorView (4.8.0):
    - NVActivityIndicatorView/Presenter (= 4.8.0)
  - NVActivityIndicatorView/Presenter (4.8.0)
  - OpenGraph (1.2.0)
  - Realm (4.3.2):
    - Realm/Headers (= 4.3.2)
  - Realm/Headers (4.3.2)
  - SnapKit (5.0.1)
  - SwiftWebVC (0.4.2)

DEPENDENCIES:
  - BTNavigationDropdownMenu
  - Charts
  - FlagKit
  - HanekeSwift (from `https://github.com/Haneke/HanekeSwift`, branch `master`)
  - Localize-Swift
  - NVActivityIndicatorView
  - OpenGraph
  - Realm
  - SnapKit
  - SwiftWebVC

SPEC REPOS:
  trunk:
    - BTNavigationDropdownMenu
    - Charts
    - FlagKit
    - Localize-Swift
    - NVActivityIndicatorView
    - OpenGraph
    - Realm
    - SnapKit
    - SwiftWebVC

EXTERNAL SOURCES:
  HanekeSwift:
    :branch: master
    :git: https://github.com/Haneke/HanekeSwift

CHECKOUT OPTIONS:
  HanekeSwift:
    :commit: 41c1efc82a9b7cefa4381f79669ab1e32b867b16
    :git: https://github.com/Haneke/HanekeSwift

SPEC CHECKSUMS:
  BTNavigationDropdownMenu: ba3a26fdb6a56c4721c31df8a0875106c259663a
  Charts: 74c9f256eaf0460c0c416522d1cf8c634ea6b286
  FlagKit: eca7dc89064b0c986302ba9acefad1bf80a435b1
  HanekeSwift: 0ee43c4cfe871ef8cc7382bda8729b6374c41748
  Localize-Swift: 4bed4f0ccac8be2ec3517ee359da80ba2adb0fae
  NVActivityIndicatorView: d24b7ebcf80af5dcd994adb650e2b6c93379270f
  OpenGraph: b467158726b640d3c08083ab830be955c4ad6259
  Realm: 5e92902e2875dff4bb0fd02f67bb737c3d5db2bc
  SnapKit: 97b92857e3df3a0c71833cce143274bf6ef8e5eb
  SwiftWebVC: ecc4feaabe5a3f75e059a0a345d3386bb0d16c44

PODFILE CHECKSUM: 1ff745c21cdab7f68146f059c0c10ef3b47d4f18

COCOAPODS: 1.8.4
